
Microsoft Visual Studio Solution File, Format Version 12.00
# Visual Studio Version 17
VisualStudioVersion = 17.9.34728.123
MinimumVisualStudioVersion = 10.0.40219.1
Project("{FAE04EC0-301F-11D3-BF4B-00C04F79EFBC}") = "ProjectGameConosle", "ProjectGameConosle\ProjectGameConosle.csproj", "{DD31D63E-DCF7-4BE2-9DD5-3E7AB8D3AD1D}"
EndProject
Project("{FAE04EC0-301F-11D3-BF4B-00C04F79EFBC}") = "ProjectGameApi", "ProjectGameApi\ProjectGameApi.csproj", "{752901AB-9C6E-4C89-B34C-25047AB7E61F}"
EndProject
Global
	GlobalSection(SolutionConfigurationPlatforms) = preSolution
		Debug|Any CPU = Debug|Any CPU
		Release|Any CPU = Release|Any CPU
	EndGlobalSection
	GlobalSection(ProjectConfigurationPlatforms) = postSolution
		{DD31D63E-DCF7-4BE2-9DD5-3E7AB8D3AD1D}.Debug|Any CPU.ActiveCfg = Debug|Any CPU
		{DD31D63E-DCF7-4BE2-9DD5-3E7AB8D3AD1D}.Debug|Any CPU.Build.0 = Debug|Any CPU
		{DD31D63E-DCF7-4BE2-9DD5-3E7AB8D3AD1D}.Release|Any CPU.ActiveCfg = Release|Any CPU
		{DD31D63E-DCF7-4BE2-9DD5-3E7AB8D3AD1D}.Release|Any CPU.Build.0 = Release|Any CPU
		{752901AB-9C6E-4C89-B34C-25047AB7E61F}.Debug|Any CPU.ActiveCfg = Debug|Any CPU
		{752901AB-9C6E-4C89-B34C-25047AB7E61F}.Debug|Any CPU.Build.0 = Debug|Any CPU
		{752901AB-9C6E-4C89-B34C-25047AB7E61F}.Release|Any CPU.ActiveCfg = Release|Any CPU
		{752901AB-9C6E-4C89-B34C-25047AB7E61F}.Release|Any CPU.Build.0 = Release|Any CPU
	EndGlobalSection
	GlobalSection(SolutionProperties) = preSolution
		HideSolutionNode = FALSE
	EndGlobalSection
	GlobalSection(ExtensibilityGlobals) = postSolution
		SolutionGuid = {377414EB-6A31-47F0-A7BD-BA86AF37903C}
	EndGlobalSection
EndGlobal
